
Microsoft Visual Studio Solution File, Format Version 12.00
# Visual Studio Version 16
VisualStudioVersion = 16.0.30114.105
MinimumVisualStudioVersion = 10.0.40219.1
Project("{2150E333-8FDC-42A3-9474-1A3956D46DE8}") = "src", "src", "{E4D76797-DAC1-4940-B902-B2284FB253EC}"
EndProject
Project("{2150E333-8FDC-42A3-9474-1A3956D46DE8}") = "ApiGateways", "ApiGateways", "{845352EC-91AB-4F74-8A32-204D1BB35661}"
EndProject
Project("{FAE04EC0-301F-11D3-BF4B-00C04F79EFBC}") = "WebApiGateway", "src\ApiGateways\WebApiGateway\WebApiGateway.csproj", "{1CD9EA3B-53E4-461B-9426-96100E234944}"
EndProject
Project("{2150E333-8FDC-42A3-9474-1A3956D46DE8}") = "BuildingBlocks", "BuildingBlocks", "{566F3965-96F3-4D7F-BFEB-39353D17F894}"
EndProject
Project("{2150E333-8FDC-42A3-9474-1A3956D46DE8}") = "EventBus", "EventBus", "{1653B1B1-F240-4B2C-8E6D-5C20D8C573B2}"
EndProject
Project("{FAE04EC0-301F-11D3-BF4B-00C04F79EFBC}") = "EventBus.Base", "src\BuildingBlocks\EventBus\EventBus.Base\EventBus.Base.csproj", "{7C9AC957-E9E8-488C-815F-176018E9864F}"
EndProject
Project("{FAE04EC0-301F-11D3-BF4B-00C04F79EFBC}") = "EventBus.Factory", "src\BuildingBlocks\EventBus\EventBus.Factory\EventBus.Factory.csproj", "{B078F6B0-9957-40F8-91EA-20E1E1B1CB5E}"
EndProject
Project("{FAE04EC0-301F-11D3-BF4B-00C04F79EFBC}") = "EventBus.RabbitMQ", "src\BuildingBlocks\EventBus\EventBus.RabbitMQ\EventBus.RabbitMQ.csproj", "{B6B3E328-76E0-485D-9EAB-516081BF1C70}"
EndProject
Project("{2150E333-8FDC-42A3-9474-1A3956D46DE8}") = "Clients", "Clients", "{380FE097-A21A-43FA-990E-1E006D82755F}"
EndProject
Project("{FAE04EC0-301F-11D3-BF4B-00C04F79EFBC}") = "WebApp", "src\Clients\WebApp\WebApp.csproj", "{93BF639B-03A4-403B-8A4E-4E88F3DADCDE}"
EndProject
Project("{2150E333-8FDC-42A3-9474-1A3956D46DE8}") = "Services", "Services", "{1D1C1492-F61E-4AE1-8470-681DFCEE7338}"
EndProject
Project("{2150E333-8FDC-42A3-9474-1A3956D46DE8}") = "BasketService", "BasketService", "{A450FCE4-02FA-4422-97C4-6443758A2055}"
EndProject
Project("{FAE04EC0-301F-11D3-BF4B-00C04F79EFBC}") = "BasketService.Api", "src\Services\BasketService\BasketService.Api\BasketService.Api.csproj", "{73CE06A9-B2D4-4625-8318-23C4179C14BD}"
EndProject
Project("{2150E333-8FDC-42A3-9474-1A3956D46DE8}") = "CatalogService", "CatalogService", "{7056024F-E134-4380-9F0A-E38BB5CAFE93}"
EndProject
Project("{FAE04EC0-301F-11D3-BF4B-00C04F79EFBC}") = "CatalogService.Api", "src\Services\CatalogService\CatalogService.Api\CatalogService.Api.csproj", "{9D489C8A-5D0F-46E0-8FEF-F072CF309D10}"
EndProject
Project("{2150E333-8FDC-42A3-9474-1A3956D46DE8}") = "IdentityService", "IdentityService", "{38EECC1B-4697-4CED-BE2D-3727AAA2C32B}"
EndProject
Project("{FAE04EC0-301F-11D3-BF4B-00C04F79EFBC}") = "IdentityService.Api", "src\Services\IdentityService\IdentityService.Api\IdentityService.Api.csproj", "{B2C460AA-EEFC-43B7-AFF0-7FF5958CCD89}"
EndProject
Project("{2150E333-8FDC-42A3-9474-1A3956D46DE8}") = "PaymentService", "PaymentService", "{5D620CD4-D26C-49AF-801D-71FB21B7E79B}"
EndProject
Project("{FAE04EC0-301F-11D3-BF4B-00C04F79EFBC}") = "PaymentService.Api", "src\Services\PaymentService\PaymentService.Api\PaymentService.Api.csproj", "{FA78F1A0-88C6-47AB-803E-68ACD5DBB29B}"
EndProject
Project("{2150E333-8FDC-42A3-9474-1A3956D46DE8}") = "OrderService", "OrderService", "{213ECC6E-10C3-4B5A-8C3D-E3FA3893E063}"
EndProject
Project("{FAE04EC0-301F-11D3-BF4B-00C04F79EFBC}") = "OrderService.Api", "src\Services\OrderService\OrderService.Api\OrderService.Api.csproj", "{DD1C3A09-9A81-4765-A703-6D468805B0EB}"
EndProject
Project("{FAE04EC0-301F-11D3-BF4B-00C04F79EFBC}") = "OrderService.Application", "src\Services\OrderService\OrderService.Application\OrderService.Application.csproj", "{DF54E7E0-1FB3-4957-A3E5-7D4C00E64FE7}"
EndProject
Project("{FAE04EC0-301F-11D3-BF4B-00C04F79EFBC}") = "OrderService.Domain", "src\Services\OrderService\OrderService.Domain\OrderService.Domain.csproj", "{790E8A9F-E647-469E-9476-15E7A63EBFC1}"
EndProject
Project("{FAE04EC0-301F-11D3-BF4B-00C04F79EFBC}") = "OrderService.Infrastructure", "src\Services\OrderService\OrderService.Infrastructure\OrderService.Infrastructure.csproj", "{BD31829F-2BE9-4A76-83A0-7F95D17002BA}"
EndProject
Project("{2150E333-8FDC-42A3-9474-1A3956D46DE8}") = "test", "test", "{3242CFEF-130D-48B6-99C9-41267CE4E388}"
EndProject
Project("{2150E333-8FDC-42A3-9474-1A3956D46DE8}") = "BuildingBlocks", "BuildingBlocks", "{84A392EF-2EA3-481D-8A64-1ACE3A03C9F2}"
EndProject
Project("{FAE04EC0-301F-11D3-BF4B-00C04F79EFBC}") = "EventBus.Tests", "test\BuildingBlocks\EventBus.Tests\EventBus.Tests.csproj", "{2C2C1ACD-FDCB-4B62-B7D1-8F31ACE6DDF4}"
EndProject
Global
	GlobalSection(SolutionConfigurationPlatforms) = preSolution
		Debug|Any CPU = Debug|Any CPU
		Release|Any CPU = Release|Any CPU
	EndGlobalSection
	GlobalSection(SolutionProperties) = preSolution
		HideSolutionNode = FALSE
	EndGlobalSection
	GlobalSection(ProjectConfigurationPlatforms) = postSolution
		{1CD9EA3B-53E4-461B-9426-96100E234944}.Debug|Any CPU.ActiveCfg = Debug|Any CPU
		{1CD9EA3B-53E4-461B-9426-96100E234944}.Debug|Any CPU.Build.0 = Debug|Any CPU
		{1CD9EA3B-53E4-461B-9426-96100E234944}.Release|Any CPU.ActiveCfg = Release|Any CPU
		{1CD9EA3B-53E4-461B-9426-96100E234944}.Release|Any CPU.Build.0 = Release|Any CPU
		{7C9AC957-E9E8-488C-815F-176018E9864F}.Debug|Any CPU.ActiveCfg = Debug|Any CPU
		{7C9AC957-E9E8-488C-815F-176018E9864F}.Debug|Any CPU.Build.0 = Debug|Any CPU
		{7C9AC957-E9E8-488C-815F-176018E9864F}.Release|Any CPU.ActiveCfg = Release|Any CPU
		{7C9AC957-E9E8-488C-815F-176018E9864F}.Release|Any CPU.Build.0 = Release|Any CPU
		{B078F6B0-9957-40F8-91EA-20E1E1B1CB5E}.Debug|Any CPU.ActiveCfg = Debug|Any CPU
		{B078F6B0-9957-40F8-91EA-20E1E1B1CB5E}.Debug|Any CPU.Build.0 = Debug|Any CPU
		{B078F6B0-9957-40F8-91EA-20E1E1B1CB5E}.Release|Any CPU.ActiveCfg = Release|Any CPU
		{B078F6B0-9957-40F8-91EA-20E1E1B1CB5E}.Release|Any CPU.Build.0 = Release|Any CPU
		{B6B3E328-76E0-485D-9EAB-516081BF1C70}.Debug|Any CPU.ActiveCfg = Debug|Any CPU
		{B6B3E328-76E0-485D-9EAB-516081BF1C70}.Debug|Any CPU.Build.0 = Debug|Any CPU
		{B6B3E328-76E0-485D-9EAB-516081BF1C70}.Release|Any CPU.ActiveCfg = Release|Any CPU
		{B6B3E328-76E0-485D-9EAB-516081BF1C70}.Release|Any CPU.Build.0 = Release|Any CPU
		{93BF639B-03A4-403B-8A4E-4E88F3DADCDE}.Debug|Any CPU.ActiveCfg = Debug|Any CPU
		{93BF639B-03A4-403B-8A4E-4E88F3DADCDE}.Debug|Any CPU.Build.0 = Debug|Any CPU
		{93BF639B-03A4-403B-8A4E-4E88F3DADCDE}.Release|Any CPU.ActiveCfg = Release|Any CPU
		{93BF639B-03A4-403B-8A4E-4E88F3DADCDE}.Release|Any CPU.Build.0 = Release|Any CPU
		{73CE06A9-B2D4-4625-8318-23C4179C14BD}.Debug|Any CPU.ActiveCfg = Debug|Any CPU
		{73CE06A9-B2D4-4625-8318-23C4179C14BD}.Debug|Any CPU.Build.0 = Debug|Any CPU
		{73CE06A9-B2D4-4625-8318-23C4179C14BD}.Release|Any CPU.ActiveCfg = Release|Any CPU
		{73CE06A9-B2D4-4625-8318-23C4179C14BD}.Release|Any CPU.Build.0 = Release|Any CPU
		{9D489C8A-5D0F-46E0-8FEF-F072CF309D10}.Debug|Any CPU.ActiveCfg = Debug|Any CPU
		{9D489C8A-5D0F-46E0-8FEF-F072CF309D10}.Debug|Any CPU.Build.0 = Debug|Any CPU
		{9D489C8A-5D0F-46E0-8FEF-F072CF309D10}.Release|Any CPU.ActiveCfg = Release|Any CPU
		{9D489C8A-5D0F-46E0-8FEF-F072CF309D10}.Release|Any CPU.Build.0 = Release|Any CPU
		{B2C460AA-EEFC-43B7-AFF0-7FF5958CCD89}.Debug|Any CPU.ActiveCfg = Debug|Any CPU
		{B2C460AA-EEFC-43B7-AFF0-7FF5958CCD89}.Debug|Any CPU.Build.0 = Debug|Any CPU
		{B2C460AA-EEFC-43B7-AFF0-7FF5958CCD89}.Release|Any CPU.ActiveCfg = Release|Any CPU
		{B2C460AA-EEFC-43B7-AFF0-7FF5958CCD89}.Release|Any CPU.Build.0 = Release|Any CPU
		{FA78F1A0-88C6-47AB-803E-68ACD5DBB29B}.Debug|Any CPU.ActiveCfg = Debug|Any CPU
		{FA78F1A0-88C6-47AB-803E-68ACD5DBB29B}.Debug|Any CPU.Build.0 = Debug|Any CPU
		{FA78F1A0-88C6-47AB-803E-68ACD5DBB29B}.Release|Any CPU.ActiveCfg = Release|Any CPU
		{FA78F1A0-88C6-47AB-803E-68ACD5DBB29B}.Release|Any CPU.Build.0 = Release|Any CPU
		{DD1C3A09-9A81-4765-A703-6D468805B0EB}.Debug|Any CPU.ActiveCfg = Debug|Any CPU
		{DD1C3A09-9A81-4765-A703-6D468805B0EB}.Debug|Any CPU.Build.0 = Debug|Any CPU
		{DD1C3A09-9A81-4765-A703-6D468805B0EB}.Release|Any CPU.ActiveCfg = Release|Any CPU
		{DD1C3A09-9A81-4765-A703-6D468805B0EB}.Release|Any CPU.Build.0 = Release|Any CPU
		{DF54E7E0-1FB3-4957-A3E5-7D4C00E64FE7}.Debug|Any CPU.ActiveCfg = Debug|Any CPU
		{DF54E7E0-1FB3-4957-A3E5-7D4C00E64FE7}.Debug|Any CPU.Build.0 = Debug|Any CPU
		{DF54E7E0-1FB3-4957-A3E5-7D4C00E64FE7}.Release|Any CPU.ActiveCfg = Release|Any CPU
		{DF54E7E0-1FB3-4957-A3E5-7D4C00E64FE7}.Release|Any CPU.Build.0 = Release|Any CPU
		{790E8A9F-E647-469E-9476-15E7A63EBFC1}.Debug|Any CPU.ActiveCfg = Debug|Any CPU
		{790E8A9F-E647-469E-9476-15E7A63EBFC1}.Debug|Any CPU.Build.0 = Debug|Any CPU
		{790E8A9F-E647-469E-9476-15E7A63EBFC1}.Release|Any CPU.ActiveCfg = Release|Any CPU
		{790E8A9F-E647-469E-9476-15E7A63EBFC1}.Release|Any CPU.Build.0 = Release|Any CPU
		{BD31829F-2BE9-4A76-83A0-7F95D17002BA}.Debug|Any CPU.ActiveCfg = Debug|Any CPU
		{BD31829F-2BE9-4A76-83A0-7F95D17002BA}.Debug|Any CPU.Build.0 = Debug|Any CPU
		{BD31829F-2BE9-4A76-83A0-7F95D17002BA}.Release|Any CPU.ActiveCfg = Release|Any CPU
		{BD31829F-2BE9-4A76-83A0-7F95D17002BA}.Release|Any CPU.Build.0 = Release|Any CPU
		{2C2C1ACD-FDCB-4B62-B7D1-8F31ACE6DDF4}.Debug|Any CPU.ActiveCfg = Debug|Any CPU
		{2C2C1ACD-FDCB-4B62-B7D1-8F31ACE6DDF4}.Debug|Any CPU.Build.0 = Debug|Any CPU
		{2C2C1ACD-FDCB-4B62-B7D1-8F31ACE6DDF4}.Release|Any CPU.ActiveCfg = Release|Any CPU
		{2C2C1ACD-FDCB-4B62-B7D1-8F31ACE6DDF4}.Release|Any CPU.Build.0 = Release|Any CPU
	EndGlobalSection
	GlobalSection(NestedProjects) = preSolution
		{845352EC-91AB-4F74-8A32-204D1BB35661} = {E4D76797-DAC1-4940-B902-B2284FB253EC}
		{1CD9EA3B-53E4-461B-9426-96100E234944} = {845352EC-91AB-4F74-8A32-204D1BB35661}
		{566F3965-96F3-4D7F-BFEB-39353D17F894} = {E4D76797-DAC1-4940-B902-B2284FB253EC}
		{1653B1B1-F240-4B2C-8E6D-5C20D8C573B2} = {566F3965-96F3-4D7F-BFEB-39353D17F894}
		{7C9AC957-E9E8-488C-815F-176018E9864F} = {1653B1B1-F240-4B2C-8E6D-5C20D8C573B2}
		{B078F6B0-9957-40F8-91EA-20E1E1B1CB5E} = {1653B1B1-F240-4B2C-8E6D-5C20D8C573B2}
		{B6B3E328-76E0-485D-9EAB-516081BF1C70} = {1653B1B1-F240-4B2C-8E6D-5C20D8C573B2}
		{380FE097-A21A-43FA-990E-1E006D82755F} = {E4D76797-DAC1-4940-B902-B2284FB253EC}
		{93BF639B-03A4-403B-8A4E-4E88F3DADCDE} = {380FE097-A21A-43FA-990E-1E006D82755F}
		{1D1C1492-F61E-4AE1-8470-681DFCEE7338} = {E4D76797-DAC1-4940-B902-B2284FB253EC}
		{A450FCE4-02FA-4422-97C4-6443758A2055} = {1D1C1492-F61E-4AE1-8470-681DFCEE7338}
		{73CE06A9-B2D4-4625-8318-23C4179C14BD} = {A450FCE4-02FA-4422-97C4-6443758A2055}
		{7056024F-E134-4380-9F0A-E38BB5CAFE93} = {1D1C1492-F61E-4AE1-8470-681DFCEE7338}
		{9D489C8A-5D0F-46E0-8FEF-F072CF309D10} = {7056024F-E134-4380-9F0A-E38BB5CAFE93}
		{38EECC1B-4697-4CED-BE2D-3727AAA2C32B} = {1D1C1492-F61E-4AE1-8470-681DFCEE7338}
		{B2C460AA-EEFC-43B7-AFF0-7FF5958CCD89} = {38EECC1B-4697-4CED-BE2D-3727AAA2C32B}
		{5D620CD4-D26C-49AF-801D-71FB21B7E79B} = {1D1C1492-F61E-4AE1-8470-681DFCEE7338}
		{FA78F1A0-88C6-47AB-803E-68ACD5DBB29B} = {5D620CD4-D26C-49AF-801D-71FB21B7E79B}
		{213ECC6E-10C3-4B5A-8C3D-E3FA3893E063} = {1D1C1492-F61E-4AE1-8470-681DFCEE7338}
		{DD1C3A09-9A81-4765-A703-6D468805B0EB} = {213ECC6E-10C3-4B5A-8C3D-E3FA3893E063}
		{DF54E7E0-1FB3-4957-A3E5-7D4C00E64FE7} = {213ECC6E-10C3-4B5A-8C3D-E3FA3893E063}
		{790E8A9F-E647-469E-9476-15E7A63EBFC1} = {213ECC6E-10C3-4B5A-8C3D-E3FA3893E063}
		{BD31829F-2BE9-4A76-83A0-7F95D17002BA} = {213ECC6E-10C3-4B5A-8C3D-E3FA3893E063}
		{84A392EF-2EA3-481D-8A64-1ACE3A03C9F2} = {3242CFEF-130D-48B6-99C9-41267CE4E388}
		{2C2C1ACD-FDCB-4B62-B7D1-8F31ACE6DDF4} = {84A392EF-2EA3-481D-8A64-1ACE3A03C9F2}
	EndGlobalSection
EndGlobal
